github.com/denisenkom/go-mssqldb v0.0.0-20180127144157-ee492709d432 h1:X7wGnhMDuGDxARQhG+XkesaPEEmdoxWMaNgcGqwTKJ0=
github.com/denisenkom/go-mssqldb v0.0.0-20180127144157-ee492709d432/go.mod h1:xN/JuLBIz4bjkxNmByTiV1IbhfnYb6oo99phBn4Eqhc=
github.com/go-sql-driver/mysql v0.0.0-20180125054745-bc14601d1bd5 h1:nV45cJWjAUMSHf+UWP3xP1zNM7us9ZfgS+hYhlKw8Xg=
github.com/go-sql-driver/mysql v0.0.0-20180125054745-bc14601d1bd5/go.mod h1:zAC/RDZ24gD3HViQzih4MyKcchzm+sOG5ZlKdlhCg5w=
github.com/lib/pq v0.0.0-20180201184707-88edab080323 h1:Ou506ViB5uo2GloKFWIYi5hwRJn4AAOXuLVv8RMY9+4=
github.com/lib/pq v0.0.0-20180201184707-88edab080323/go.mod h1:5WUZQaWbwv1U+lTReE5YruASi9Al49XbQIvNi/34Woo=
github.com/mjl-/duit v0.0.0-20180220125336-edb12422be02 h1:K7M/UgCCsNlMS49TUzn//Z2ua02R78b87SDMBsHIupo=
github.com/mjl-/duit v0.0.0-20180220125336-edb12422be02/go.mod h1:F9mBkHy5w1ZO2tELGhfZQ3X1r1cMiprwzfpSyWFdFe4=
github.com/mjl-/filterlist v0.0.0-20180220162654-72604ca6d5c6 h1:kamQIaaAEkef3pzDcqK6tRltsHdketfZDrlWADgU+yU=
github.com/mjl-/filterlist v0.0.0-20180220162654-72604ca6d5c6/go.mod h1:rZXFqERWWdG4pM5iIBw+47RsgocMTSNpAmnP8xLa+ak=
github.com/mjl-/go v0.0.0-20180429123528-fafada5f286e h1:M6KcUwCT34dkXLeYORteGPNguMsAaYkE/IBGKRGXFUI=
github.com/mjl-/go v0.0.0-20180429123528-fafada5f286e/go.mod h1:G+1evjukGD/lUyIfAq/sr0YX5EcukfBUeA+tFPF5JUA=
golang.org/x/crypto v0.0.0-20180219163459-432090b8f568 h1:auJ90A8ouiu1XUw2kuxknBB9cZHGt2M8H/5KwYyELAU=
golang.org/x/crypto v0.0.0-20180219163459-432090b8f568/go.mod h1:6SG95UA2DQfeDnfUPMdvaQW0Q7yPrPDi9nlGo2tz2b4=
google.golang.org/appengine v1.0.0 h1:dN4LljjBKVChsv0XCSI+zbyzdqrkEwX5LQFUMRSGqOc=
google.golang.org/appengine v1.0.0/go.mod h1:EbEs0AVv82hx2wNQdGPgUI5lhzA/G0D9YwlJXL52JkM=
